
Microsoft Visual Studio Solution File, Format Version 12.00
# Visual Studio Version 17
VisualStudioVersion = 17.0.32112.339
MinimumVisualStudioVersion = 10.0.40219.1
Project("{9A19103F-16F7-4668-BE54-9A1E7A4F7556}") = "FlUnit", "FlUnit\FlUnit.csproj", "{28802BFA-2BE1-43D8-BF2E-F1F87A625958}"
EndProject
Project("{9A19103F-16F7-4668-BE54-9A1E7A4F7556}") = "Example.TestProject", "Example.TestProject\Example.TestProject.csproj", "{E5A56ACA-CB64-42D7-94F6-1D21EB6195E3}"
EndProject
Project("{2150E333-8FDC-42A3-9474-1A3956D46DE8}") = "_Solution Items", "_Solution Items", "{2471716F-EF7B-4977-8C1C-DDCAC4BDDB42}"
	ProjectSection(SolutionItems) = preProject
		Directory.Build.props = Directory.Build.props
		Directory.Build.targets = Directory.Build.targets
		FlUnitIcon.pdn = FlUnitIcon.pdn
		FlUnitIcon.png = FlUnitIcon.png
	EndProjectSection
EndProject
Project("{9A19103F-16F7-4668-BE54-9A1E7A4F7556}") = "FlUnit.Tests", "FlUnit.Tests\FlUnit.Tests.csproj", "{4B87F0F5-B722-4BD7-B8BD-62B3E7E1F3B5}"
EndProject
Project("{FAE04EC0-301F-11D3-BF4B-00C04F79EFBC}") = "FlUnit.Documentation", "FlUnit.Documentation\FlUnit.Documentation.csproj", "{0E719907-15B9-453D-9027-12F601EB35B7}"
EndProject
Global
	GlobalSection(SolutionConfigurationPlatforms) = preSolution
		Debug|Any CPU = Debug|Any CPU
		Release|Any CPU = Release|Any CPU
	EndGlobalSection
	GlobalSection(ProjectConfigurationPlatforms) = postSolution
		{28802BFA-2BE1-43D8-BF2E-F1F87A625958}.Debug|Any CPU.ActiveCfg = Debug|Any CPU
		{28802BFA-2BE1-43D8-BF2E-F1F87A625958}.Debug|Any CPU.Build.0 = Debug|Any CPU
		{28802BFA-2BE1-43D8-BF2E-F1F87A625958}.Release|Any CPU.ActiveCfg = Release|Any CPU
		{28802BFA-2BE1-43D8-BF2E-F1F87A625958}.Release|Any CPU.Build.0 = Release|Any CPU
		{E5A56ACA-CB64-42D7-94F6-1D21EB6195E3}.Debug|Any CPU.ActiveCfg = Debug|Any CPU
		{E5A56ACA-CB64-42D7-94F6-1D21EB6195E3}.Debug|Any CPU.Build.0 = Debug|Any CPU
		{E5A56ACA-CB64-42D7-94F6-1D21EB6195E3}.Release|Any CPU.ActiveCfg = Release|Any CPU
		{E5A56ACA-CB64-42D7-94F6-1D21EB6195E3}.Release|Any CPU.Build.0 = Release|Any CPU
		{4B87F0F5-B722-4BD7-B8BD-62B3E7E1F3B5}.Debug|Any CPU.ActiveCfg = Debug|Any CPU
		{4B87F0F5-B722-4BD7-B8BD-62B3E7E1F3B5}.Debug|Any CPU.Build.0 = Debug|Any CPU
		{4B87F0F5-B722-4BD7-B8BD-62B3E7E1F3B5}.Release|Any CPU.ActiveCfg = Release|Any CPU
		{4B87F0F5-B722-4BD7-B8BD-62B3E7E1F3B5}.Release|Any CPU.Build.0 = Release|Any CPU
		{0E719907-15B9-453D-9027-12F601EB35B7}.Debug|Any CPU.ActiveCfg = Debug|Any CPU
		{0E719907-15B9-453D-9027-12F601EB35B7}.Debug|Any CPU.Build.0 = Debug|Any CPU
		{0E719907-15B9-453D-9027-12F601EB35B7}.Release|Any CPU.ActiveCfg = Release|Any CPU
		{0E719907-15B9-453D-9027-12F601EB35B7}.Release|Any CPU.Build.0 = Release|Any CPU
	EndGlobalSection
	GlobalSection(SolutionProperties) = preSolution
		HideSolutionNode = FALSE
	EndGlobalSection
	GlobalSection(ExtensibilityGlobals) = postSolution
		SolutionGuid = {18B90180-D302-4DD0-8BBE-869EE852C59D}
	EndGlobalSection
EndGlobal
