
Microsoft Visual Studio Solution File, Format Version 12.00
# Visual Studio Version 16
VisualStudioVersion = 16.0.29318.209
MinimumVisualStudioVersion = 10.0.40219.1
Project("{9A19103F-16F7-4668-BE54-9A1E7A4F7556}") = "FlUnit", "FlUnit\FlUnit.csproj", "{28802BFA-2BE1-43D8-BF2E-F1F87A625958}"
EndProject
Project("{9A19103F-16F7-4668-BE54-9A1E7A4F7556}") = "FlUnit.Adapters.VS.TestAdapter", "FlUnit.Adapters.VS.TestAdapter\FlUnit.Adapters.VS.TestAdapter.csproj", "{352BA863-FE5B-429C-95DA-3A676BD8F99B}"
EndProject
Project("{FAE04EC0-301F-11D3-BF4B-00C04F79EFBC}") = "Example.TestProject", "Example.TestProject\Example.TestProject.csproj", "{E5A56ACA-CB64-42D7-94F6-1D21EB6195E3}"
EndProject
Global
	GlobalSection(SolutionConfigurationPlatforms) = preSolution
		Debug|Any CPU = Debug|Any CPU
		Release|Any CPU = Release|Any CPU
	EndGlobalSection
	GlobalSection(ProjectConfigurationPlatforms) = postSolution
		{28802BFA-2BE1-43D8-BF2E-F1F87A625958}.Debug|Any CPU.ActiveCfg = Debug|Any CPU
		{28802BFA-2BE1-43D8-BF2E-F1F87A625958}.Debug|Any CPU.Build.0 = Debug|Any CPU
		{28802BFA-2BE1-43D8-BF2E-F1F87A625958}.Release|Any CPU.ActiveCfg = Release|Any CPU
		{28802BFA-2BE1-43D8-BF2E-F1F87A625958}.Release|Any CPU.Build.0 = Release|Any CPU
		{352BA863-FE5B-429C-95DA-3A676BD8F99B}.Debug|Any CPU.ActiveCfg = Debug|Any CPU
		{352BA863-FE5B-429C-95DA-3A676BD8F99B}.Debug|Any CPU.Build.0 = Debug|Any CPU
		{352BA863-FE5B-429C-95DA-3A676BD8F99B}.Release|Any CPU.ActiveCfg = Release|Any CPU
		{352BA863-FE5B-429C-95DA-3A676BD8F99B}.Release|Any CPU.Build.0 = Release|Any CPU
		{E5A56ACA-CB64-42D7-94F6-1D21EB6195E3}.Debug|Any CPU.ActiveCfg = Debug|Any CPU
		{E5A56ACA-CB64-42D7-94F6-1D21EB6195E3}.Debug|Any CPU.Build.0 = Debug|Any CPU
		{E5A56ACA-CB64-42D7-94F6-1D21EB6195E3}.Release|Any CPU.ActiveCfg = Release|Any CPU
		{E5A56ACA-CB64-42D7-94F6-1D21EB6195E3}.Release|Any CPU.Build.0 = Release|Any CPU
	EndGlobalSection
	GlobalSection(SolutionProperties) = preSolution
		HideSolutionNode = FALSE
	EndGlobalSection
	GlobalSection(ExtensibilityGlobals) = postSolution
		SolutionGuid = {18B90180-D302-4DD0-8BBE-869EE852C59D}
	EndGlobalSection
EndGlobal
